// !$*UTF8*$!
{
	archiveVersion = 1;
	classes = {
	};
	objectVersion = 50;
	objects = {

/* Begin PBXBuildFile section */
		120698742283810400979CFC /* messageViews.swift in Sources */ = {isa = PBXBuildFile; fileRef = 120698732283810400979CFC /* messageViews.swift */; };
		1211DAC4225D26D600D40F51 /* OnBoardingViewController.swift in Sources */ = {isa = PBXBuildFile; fileRef = 1211DAC3225D26D600D40F51 /* OnBoardingViewController.swift */; };
		1211DAC8225D2B6700D40F51 /* Onboarding.storyboard in Resources */ = {isa = PBXBuildFile; fileRef = 1211DAC7225D2B6700D40F51 /* Onboarding.storyboard */; };
		1211DACA225D34F200D40F51 /* OnboardingView.swift in Sources */ = {isa = PBXBuildFile; fileRef = 1211DAC9225D34F200D40F51 /* OnboardingView.swift */; };
		127F85482265184B00DEC05D /* ProfileViewControlerViewController.swift in Sources */ = {isa = PBXBuildFile; fileRef = 127F85472265184B00DEC05D /* ProfileViewControlerViewController.swift */; };
		127F854A2265191900DEC05D /* ProfileView.swift in Sources */ = {isa = PBXBuildFile; fileRef = 127F85492265191900DEC05D /* ProfileView.swift */; };
		1E3A41BB2289DD6A00FC6B85 /* pursuit.mp4 in Resources */ = {isa = PBXBuildFile; fileRef = A5565BEE2281E74E006E611C /* pursuit.mp4 */; };
		1E3A41BD2289DD6A00FC6B85 /* starwars.mp4 in Resources */ = {isa = PBXBuildFile; fileRef = 121B5F672280CE890070CC4B /* starwars.mp4 */; };
		1E8B8094225BA4220071FA83 /* FavoriteCollectionCell.swift in Sources */ = {isa = PBXBuildFile; fileRef = 1E8B8093225BA4220071FA83 /* FavoriteCollectionCell.swift */; };
		1E8B8096225BA43D0071FA83 /* PerceptionImageCollectionKeys.swift in Sources */ = {isa = PBXBuildFile; fileRef = 1E8B8095225BA43D0071FA83 /* PerceptionImageCollectionKeys.swift */; };
		1E8B8098225BA4500071FA83 /* PerceptionVideoCollectionKeys.swift in Sources */ = {isa = PBXBuildFile; fileRef = 1E8B8097225BA4500071FA83 /* PerceptionVideoCollectionKeys.swift */; };
		1E8B809A225BAFF00071FA83 /* VideoView.swift in Sources */ = {isa = PBXBuildFile; fileRef = 1E8B8099225BAFF00071FA83 /* VideoView.swift */; };
		1E8B809B225BD4DF0071FA83 /* PerceptionImage.swift in Sources */ = {isa = PBXBuildFile; fileRef = 1E8B8091225B9BA00071FA83 /* PerceptionImage.swift */; };
		52A6DA2F8AF8D6217BD24C70 /* Pods_PerceptionTests.framework in Frameworks */ = {isa = PBXBuildFile; fileRef = E1E56D28C1E6BA3B56FFC751 /* Pods_PerceptionTests.framework */; };
		A507ECD8225654EF009B94A9 /* AppDelegate.swift in Sources */ = {isa = PBXBuildFile; fileRef = A507ECD7225654EF009B94A9 /* AppDelegate.swift */; };
		A507ECDC225654EF009B94A9 /* ViewController.swift in Sources */ = {isa = PBXBuildFile; fileRef = A507ECDB225654EF009B94A9 /* ViewController.swift */; };
		A507ECDF225654EF009B94A9 /* Main.storyboard in Resources */ = {isa = PBXBuildFile; fileRef = A507ECDD225654EF009B94A9 /* Main.storyboard */; };
		A507ECE1225654F0009B94A9 /* Assets.xcassets in Resources */ = {isa = PBXBuildFile; fileRef = A507ECE0225654F0009B94A9 /* Assets.xcassets */; };
		A507ECE4225654F0009B94A9 /* LaunchScreen.storyboard in Resources */ = {isa = PBXBuildFile; fileRef = A507ECE2225654F0009B94A9 /* LaunchScreen.storyboard */; };
		A541DC48225F97BC00E30D6E /* UserSession.swift in Sources */ = {isa = PBXBuildFile; fileRef = A541DC47225F97BC00E30D6E /* UserSession.swift */; };
		A550582622943978009551DA /* coockbook.mp4 in Resources */ = {isa = PBXBuildFile; fileRef = A550582522943978009551DA /* coockbook.mp4 */; };
		A55058282294399C009551DA /* mets.mp4 in Resources */ = {isa = PBXBuildFile; fileRef = A55058272294399C009551DA /* mets.mp4 */; };
		A5565BE92281E6A1006E611C /* RotationSetup.swift in Sources */ = {isa = PBXBuildFile; fileRef = A5565BE82281E6A0006E611C /* RotationSetup.swift */; };
		A58D1D3A22C682E00020F6B1 /* maniac.mp4 in Resources */ = {isa = PBXBuildFile; fileRef = A58D1D3922C682E00020F6B1 /* maniac.mp4 */; };
		A58D1D3C22C682EC0020F6B1 /* pursuitPostCard.mp4 in Resources */ = {isa = PBXBuildFile; fileRef = A58D1D3B22C682EC0020F6B1 /* pursuitPostCard.mp4 */; };
		A5B20AE6228DCCE3002BB8C4 /* EmptyStateView.swift in Sources */ = {isa = PBXBuildFile; fileRef = A5B20AE5228DCCE3002BB8C4 /* EmptyStateView.swift */; };
		A5B411942257EC45006E14F7 /* Main.swift in Sources */ = {isa = PBXBuildFile; fileRef = A5B411932257EC45006E14F7 /* Main.swift */; };
		A5B411972257EC7E006E14F7 /* LoginView.swift in Sources */ = {isa = PBXBuildFile; fileRef = A5B411962257EC7E006E14F7 /* LoginView.swift */; };
		A5B411992257EC85006E14F7 /* SavedVideos.swift in Sources */ = {isa = PBXBuildFile; fileRef = A5B411982257EC85006E14F7 /* SavedVideos.swift */; };
		A5B411A02257ECDA006E14F7 /* LoginViewController.swift in Sources */ = {isa = PBXBuildFile; fileRef = A5B4119F2257ECDA006E14F7 /* LoginViewController.swift */; };
		A5B411A22257ECEA006E14F7 /* SavedVideosViewController.swift in Sources */ = {isa = PBXBuildFile; fileRef = A5B411A12257ECEA006E14F7 /* SavedVideosViewController.swift */; };
		A5B411A62257ED42006E14F7 /* PerceptionVideo.swift in Sources */ = {isa = PBXBuildFile; fileRef = A5B411A52257ED42006E14F7 /* PerceptionVideo.swift */; };
		A5B411A92257ED5B006E14F7 /* SavedVideo.swift in Sources */ = {isa = PBXBuildFile; fileRef = A5B411A82257ED5B006E14F7 /* SavedVideo.swift */; };
		A5B411AB2257ED67006E14F7 /* PerceptionUser.swift in Sources */ = {isa = PBXBuildFile; fileRef = A5B411AA2257ED67006E14F7 /* PerceptionUser.swift */; };
		A5B411AD2257EDB4006E14F7 /* UIViewController+Alerts.swift in Sources */ = {isa = PBXBuildFile; fileRef = A5B411AC2257EDB4006E14F7 /* UIViewController+Alerts.swift */; };
		A5B411B02257EDCA006E14F7 /* Date+Extensions.swift in Sources */ = {isa = PBXBuildFile; fileRef = A5B411AF2257EDCA006E14F7 /* Date+Extensions.swift */; };
		A5B411B42257EDDE006E14F7 /* Constants.swift in Sources */ = {isa = PBXBuildFile; fileRef = A5B411B32257EDDE006E14F7 /* Constants.swift */; };
		A5B411B72257EDF5006E14F7 /* ARService.swift in Sources */ = {isa = PBXBuildFile; fileRef = A5B411B62257EDF5006E14F7 /* ARService.swift */; };
		A5B411B92257EE0A006E14F7 /* AuthService.swift in Sources */ = {isa = PBXBuildFile; fileRef = A5B411B82257EE0A006E14F7 /* AuthService.swift */; };
		A5B411BC2257EE1C006E14F7 /* DBService.swift in Sources */ = {isa = PBXBuildFile; fileRef = A5B411BB2257EE1C006E14F7 /* DBService.swift */; };
		A5B411BE2257EE24006E14F7 /* StorageService.swift in Sources */ = {isa = PBXBuildFile; fileRef = A5B411BD2257EE24006E14F7 /* StorageService.swift */; };
		B2E4EECC3D5BDA5239963CEE /* Pods_Perception.framework in Frameworks */ = {isa = PBXBuildFile; fileRef = EAB8F8BABB632169A41AABF5 /* Pods_Perception.framework */; };
		D741FCE5228224BA003BD760 /* PlayerViewController.swift in Sources */ = {isa = PBXBuildFile; fileRef = D741FCE4228224BA003BD760 /* PlayerViewController.swift */; };
		D761A9CE228C7B2C001FFC74 /* GoogleService-Info.plist in Resources */ = {isa = PBXBuildFile; fileRef = D761A9CD228C7B2C001FFC74 /* GoogleService-Info.plist */; };
		D7A1C78B2264E52B00E33838 /* PerceptionTests.swift in Sources */ = {isa = PBXBuildFile; fileRef = D7A1C78A2264E52B00E33838 /* PerceptionTests.swift */; };
/* End PBXBuildFile section */

/* Begin PBXContainerItemProxy section */
		D7A1C78D2264E52B00E33838 /* PBXContainerItemProxy */ = {
			isa = PBXContainerItemProxy;
			containerPortal = A507ECCC225654EF009B94A9 /* Project object */;
			proxyType = 1;
			remoteGlobalIDString = A507ECD3225654EF009B94A9;
			remoteInfo = Perception;
		};
/* End PBXContainerItemProxy section */

/* Begin PBXFileReference section */
		120698732283810400979CFC /* messageViews.swift */ = {isa = PBXFileReference; lastKnownFileType = sourcecode.swift; path = messageViews.swift; sourceTree = "<group>"; };
		1211DAC3225D26D600D40F51 /* OnBoardingViewController.swift */ = {isa = PBXFileReference; lastKnownFileType = sourcecode.swift; path = OnBoardingViewController.swift; sourceTree = "<group>"; };
		1211DAC7225D2B6700D40F51 /* Onboarding.storyboard */ = {isa = PBXFileReference; lastKnownFileType = file.storyboard; path = Onboarding.storyboard; sourceTree = "<group>"; };
		1211DAC9225D34F200D40F51 /* OnboardingView.swift */ = {isa = PBXFileReference; lastKnownFileType = sourcecode.swift; path = OnboardingView.swift; sourceTree = "<group>"; };
		121B5F672280CE890070CC4B /* starwars.mp4 */ = {isa = PBXFileReference; lastKnownFileType = file; path = starwars.mp4; sourceTree = "<group>"; };
		127F85472265184B00DEC05D /* ProfileViewControlerViewController.swift */ = {isa = PBXFileReference; lastKnownFileType = sourcecode.swift; path = ProfileViewControlerViewController.swift; sourceTree = "<group>"; };
		127F85492265191900DEC05D /* ProfileView.swift */ = {isa = PBXFileReference; lastKnownFileType = sourcecode.swift; path = ProfileView.swift; sourceTree = "<group>"; };
		1891DC6C4FC82E0C83564F8B /* Pods-Perception.release.xcconfig */ = {isa = PBXFileReference; includeInIndex = 1; lastKnownFileType = text.xcconfig; name = "Pods-Perception.release.xcconfig"; path = "Pods/Target Support Files/Pods-Perception/Pods-Perception.release.xcconfig"; sourceTree = "<group>"; };
		1E8B8091225B9BA00071FA83 /* PerceptionImage.swift */ = {isa = PBXFileReference; fileEncoding = 4; lastKnownFileType = sourcecode.swift; path = PerceptionImage.swift; sourceTree = "<group>"; };
		1E8B8093225BA4220071FA83 /* FavoriteCollectionCell.swift */ = {isa = PBXFileReference; lastKnownFileType = sourcecode.swift; path = FavoriteCollectionCell.swift; sourceTree = "<group>"; };
		1E8B8095225BA43D0071FA83 /* PerceptionImageCollectionKeys.swift */ = {isa = PBXFileReference; lastKnownFileType = sourcecode.swift; path = PerceptionImageCollectionKeys.swift; sourceTree = "<group>"; };
		1E8B8097225BA4500071FA83 /* PerceptionVideoCollectionKeys.swift */ = {isa = PBXFileReference; lastKnownFileType = sourcecode.swift; path = PerceptionVideoCollectionKeys.swift; sourceTree = "<group>"; };
		1E8B8099225BAFF00071FA83 /* VideoView.swift */ = {isa = PBXFileReference; lastKnownFileType = sourcecode.swift; path = VideoView.swift; sourceTree = "<group>"; };
		5932023AF64C1AD383C416D1 /* Pods-Perception.debug.xcconfig */ = {isa = PBXFileReference; includeInIndex = 1; lastKnownFileType = text.xcconfig; name = "Pods-Perception.debug.xcconfig"; path = "Pods/Target Support Files/Pods-Perception/Pods-Perception.debug.xcconfig"; sourceTree = "<group>"; };
		72061BAFBA39F37C10299E49 /* Pods-PerceptionTests.debug.xcconfig */ = {isa = PBXFileReference; includeInIndex = 1; lastKnownFileType = text.xcconfig; name = "Pods-PerceptionTests.debug.xcconfig"; path = "Pods/Target Support Files/Pods-PerceptionTests/Pods-PerceptionTests.debug.xcconfig"; sourceTree = "<group>"; };
		A507ECD4225654EF009B94A9 /* Perception.app */ = {isa = PBXFileReference; explicitFileType = wrapper.application; includeInIndex = 0; path = Perception.app; sourceTree = BUILT_PRODUCTS_DIR; };
		A507ECD7225654EF009B94A9 /* AppDelegate.swift */ = {isa = PBXFileReference; lastKnownFileType = sourcecode.swift; path = AppDelegate.swift; sourceTree = "<group>"; };
		A507ECDB225654EF009B94A9 /* ViewController.swift */ = {isa = PBXFileReference; lastKnownFileType = sourcecode.swift; path = ViewController.swift; sourceTree = "<group>"; };
		A507ECDE225654EF009B94A9 /* Base */ = {isa = PBXFileReference; lastKnownFileType = file.storyboard; name = Base; path = Base.lproj/Main.storyboard; sourceTree = "<group>"; };
		A507ECE0225654F0009B94A9 /* Assets.xcassets */ = {isa = PBXFileReference; lastKnownFileType = folder.assetcatalog; path = Assets.xcassets; sourceTree = "<group>"; };
		A507ECE3225654F0009B94A9 /* Base */ = {isa = PBXFileReference; lastKnownFileType = file.storyboard; name = Base; path = Base.lproj/LaunchScreen.storyboard; sourceTree = "<group>"; };
		A507ECE5225654F0009B94A9 /* Info.plist */ = {isa = PBXFileReference; lastKnownFileType = text.plist.xml; path = Info.plist; sourceTree = "<group>"; };
		A541DC47225F97BC00E30D6E /* UserSession.swift */ = {isa = PBXFileReference; lastKnownFileType = sourcecode.swift; path = UserSession.swift; sourceTree = "<group>"; };
		A550582522943978009551DA /* coockbook.mp4 */ = {isa = PBXFileReference; lastKnownFileType = file; path = coockbook.mp4; sourceTree = "<group>"; };
		A55058272294399C009551DA /* mets.mp4 */ = {isa = PBXFileReference; lastKnownFileType = file; path = mets.mp4; sourceTree = "<group>"; };
		A5565BE82281E6A0006E611C /* RotationSetup.swift */ = {isa = PBXFileReference; fileEncoding = 4; lastKnownFileType = sourcecode.swift; path = RotationSetup.swift; sourceTree = "<group>"; };
		A5565BEE2281E74E006E611C /* pursuit.mp4 */ = {isa = PBXFileReference; lastKnownFileType = file; path = pursuit.mp4; sourceTree = "<group>"; };
		A58D1D3922C682E00020F6B1 /* maniac.mp4 */ = {isa = PBXFileReference; lastKnownFileType = file; path = maniac.mp4; sourceTree = "<group>"; };
		A58D1D3B22C682EC0020F6B1 /* pursuitPostCard.mp4 */ = {isa = PBXFileReference; lastKnownFileType = file; path = pursuitPostCard.mp4; sourceTree = "<group>"; };
		A5B20AE5228DCCE3002BB8C4 /* EmptyStateView.swift */ = {isa = PBXFileReference; lastKnownFileType = sourcecode.swift; path = EmptyStateView.swift; sourceTree = "<group>"; };
		A5B411932257EC45006E14F7 /* Main.swift */ = {isa = PBXFileReference; fileEncoding = 4; lastKnownFileType = sourcecode.swift; path = Main.swift; sourceTree = "<group>"; };
		A5B411962257EC7E006E14F7 /* LoginView.swift */ = {isa = PBXFileReference; lastKnownFileType = sourcecode.swift; path = LoginView.swift; sourceTree = "<group>"; };
		A5B411982257EC85006E14F7 /* SavedVideos.swift */ = {isa = PBXFileReference; lastKnownFileType = sourcecode.swift; path = SavedVideos.swift; sourceTree = "<group>"; };
		A5B4119F2257ECDA006E14F7 /* LoginViewController.swift */ = {isa = PBXFileReference; lastKnownFileType = sourcecode.swift; path = LoginViewController.swift; sourceTree = "<group>"; };
		A5B411A12257ECEA006E14F7 /* SavedVideosViewController.swift */ = {isa = PBXFileReference; lastKnownFileType = sourcecode.swift; path = SavedVideosViewController.swift; sourceTree = "<group>"; };
		A5B411A52257ED42006E14F7 /* PerceptionVideo.swift */ = {isa = PBXFileReference; lastKnownFileType = sourcecode.swift; path = PerceptionVideo.swift; sourceTree = "<group>"; };
		A5B411A82257ED5B006E14F7 /* SavedVideo.swift */ = {isa = PBXFileReference; lastKnownFileType = sourcecode.swift; path = SavedVideo.swift; sourceTree = "<group>"; };
		A5B411AA2257ED67006E14F7 /* PerceptionUser.swift */ = {isa = PBXFileReference; lastKnownFileType = sourcecode.swift; path = PerceptionUser.swift; sourceTree = "<group>"; };
		A5B411AC2257EDB4006E14F7 /* UIViewController+Alerts.swift */ = {isa = PBXFileReference; lastKnownFileType = sourcecode.swift; path = "UIViewController+Alerts.swift"; sourceTree = "<group>"; };
		A5B411AF2257EDCA006E14F7 /* Date+Extensions.swift */ = {isa = PBXFileReference; lastKnownFileType = sourcecode.swift; path = "Date+Extensions.swift"; sourceTree = "<group>"; };
		A5B411B32257EDDE006E14F7 /* Constants.swift */ = {isa = PBXFileReference; lastKnownFileType = sourcecode.swift; path = Constants.swift; sourceTree = "<group>"; };
		A5B411B62257EDF5006E14F7 /* ARService.swift */ = {isa = PBXFileReference; lastKnownFileType = sourcecode.swift; path = ARService.swift; sourceTree = "<group>"; };
		A5B411B82257EE0A006E14F7 /* AuthService.swift */ = {isa = PBXFileReference; lastKnownFileType = sourcecode.swift; path = AuthService.swift; sourceTree = "<group>"; };
		A5B411BB2257EE1C006E14F7 /* DBService.swift */ = {isa = PBXFileReference; lastKnownFileType = sourcecode.swift; path = DBService.swift; sourceTree = "<group>"; };
		A5B411BD2257EE24006E14F7 /* StorageService.swift */ = {isa = PBXFileReference; lastKnownFileType = sourcecode.swift; path = StorageService.swift; sourceTree = "<group>"; };
		AA8F0510D8441719D04C2315 /* Pods-PerceptionTests.release.xcconfig */ = {isa = PBXFileReference; includeInIndex = 1; lastKnownFileType = text.xcconfig; name = "Pods-PerceptionTests.release.xcconfig"; path = "Pods/Target Support Files/Pods-PerceptionTests/Pods-PerceptionTests.release.xcconfig"; sourceTree = "<group>"; };
		D741FCE4228224BA003BD760 /* PlayerViewController.swift */ = {isa = PBXFileReference; lastKnownFileType = sourcecode.swift; path = PlayerViewController.swift; sourceTree = "<group>"; };
		D761A9CD228C7B2C001FFC74 /* GoogleService-Info.plist */ = {isa = PBXFileReference; fileEncoding = 4; lastKnownFileType = text.plist.xml; path = "GoogleService-Info.plist"; sourceTree = "<group>"; };
		D7A1C7882264E52B00E33838 /* PerceptionTests.xctest */ = {isa = PBXFileReference; explicitFileType = wrapper.cfbundle; includeInIndex = 0; path = PerceptionTests.xctest; sourceTree = BUILT_PRODUCTS_DIR; };
		D7A1C78A2264E52B00E33838 /* PerceptionTests.swift */ = {isa = PBXFileReference; lastKnownFileType = sourcecode.swift; path = PerceptionTests.swift; sourceTree = "<group>"; };
		D7A1C78C2264E52B00E33838 /* Info.plist */ = {isa = PBXFileReference; lastKnownFileType = text.plist.xml; path = Info.plist; sourceTree = "<group>"; };
		E1E56D28C1E6BA3B56FFC751 /* Pods_PerceptionTests.framework */ = {isa = PBXFileReference; explicitFileType = wrapper.framework; includeInIndex = 0; path = Pods_PerceptionTests.framework; sourceTree = BUILT_PRODUCTS_DIR; };
		EAB8F8BABB632169A41AABF5 /* Pods_Perception.framework */ = {isa = PBXFileReference; explicitFileType = wrapper.framework; includeInIndex = 0; path = Pods_Perception.framework; sourceTree = BUILT_PRODUCTS_DIR; };
/* End PBXFileReference section */

/* Begin PBXFrameworksBuildPhase section */
		A507ECD1225654EF009B94A9 /* Frameworks */ = {
			isa = PBXFrameworksBuildPhase;
			buildActionMask = 2147483647;
			files = (
				B2E4EECC3D5BDA5239963CEE /* Pods_Perception.framework in Frameworks */,
			);
			runOnlyForDeploymentPostprocessing = 0;
		};
		D7A1C7852264E52B00E33838 /* Frameworks */ = {
			isa = PBXFrameworksBuildPhase;
			buildActionMask = 2147483647;
			files = (
				52A6DA2F8AF8D6217BD24C70 /* Pods_PerceptionTests.framework in Frameworks */,
			);
			runOnlyForDeploymentPostprocessing = 0;
		};
/* End PBXFrameworksBuildPhase section */

/* Begin PBXGroup section */
		027ABE42B91BDFF223660734 /* Frameworks */ = {
			isa = PBXGroup;
			children = (
				EAB8F8BABB632169A41AABF5 /* Pods_Perception.framework */,
				E1E56D28C1E6BA3B56FFC751 /* Pods_PerceptionTests.framework */,
			);
			name = Frameworks;
			sourceTree = "<group>";
		};
		6D879E3CA8415AF919D4038C /* Pods */ = {
			isa = PBXGroup;
			children = (
				5932023AF64C1AD383C416D1 /* Pods-Perception.debug.xcconfig */,
				1891DC6C4FC82E0C83564F8B /* Pods-Perception.release.xcconfig */,
				72061BAFBA39F37C10299E49 /* Pods-PerceptionTests.debug.xcconfig */,
				AA8F0510D8441719D04C2315 /* Pods-PerceptionTests.release.xcconfig */,
			);
			name = Pods;
			sourceTree = "<group>";
		};
		A507ECCB225654EF009B94A9 = {
			isa = PBXGroup;
			children = (
				A507ECD6225654EF009B94A9 /* Perception */,
				D7A1C7892264E52B00E33838 /* PerceptionTests */,
				A507ECD5225654EF009B94A9 /* Products */,
				6D879E3CA8415AF919D4038C /* Pods */,
				027ABE42B91BDFF223660734 /* Frameworks */,
			);
			sourceTree = "<group>";
		};
		A507ECD5225654EF009B94A9 /* Products */ = {
			isa = PBXGroup;
			children = (
				A507ECD4225654EF009B94A9 /* Perception.app */,
				D7A1C7882264E52B00E33838 /* PerceptionTests.xctest */,
			);
			name = Products;
			sourceTree = "<group>";
		};
		A507ECD6225654EF009B94A9 /* Perception */ = {
			isa = PBXGroup;
			children = (
				A5565BEE2281E74E006E611C /* pursuit.mp4 */,
				A55058272294399C009551DA /* mets.mp4 */,
				A58D1D3922C682E00020F6B1 /* maniac.mp4 */,
				A58D1D3B22C682EC0020F6B1 /* pursuitPostCard.mp4 */,
				A550582522943978009551DA /* coockbook.mp4 */,
				121B5F672280CE890070CC4B /* starwars.mp4 */,
				A5B411BA2257EE0D006E14F7 /* Firebase Utilities */,
				A5B411A72257ED4D006E14F7 /* Models */,
				A5B411952257EC6C006E14F7 /* Views */,
				A5B4119E2257ECCC006E14F7 /* Controllers */,
				A5B411AE2257EDC0006E14F7 /* Extensions */,
				A5B411B52257EDE9006E14F7 /* Utilities */,
				A5B411C32257F00E006E14F7 /* Supporting Files */,
				A507ECDD225654EF009B94A9 /* Main.storyboard */,
				1211DAC7225D2B6700D40F51 /* Onboarding.storyboard */,
				A507ECE5225654F0009B94A9 /* Info.plist */,
				D761A9CD228C7B2C001FFC74 /* GoogleService-Info.plist */,
			);
			path = Perception;
			sourceTree = "<group>";
		};
		A5B411952257EC6C006E14F7 /* Views */ = {
			isa = PBXGroup;
			children = (
				A5B411932257EC45006E14F7 /* Main.swift */,
				120698732283810400979CFC /* messageViews.swift */,
				A5B411962257EC7E006E14F7 /* LoginView.swift */,
				A5B411982257EC85006E14F7 /* SavedVideos.swift */,
				A5B20AE5228DCCE3002BB8C4 /* EmptyStateView.swift */,
				1211DAC9225D34F200D40F51 /* OnboardingView.swift */,
				1E8B8093225BA4220071FA83 /* FavoriteCollectionCell.swift */,
				1E8B8099225BAFF00071FA83 /* VideoView.swift */,
				127F85492265191900DEC05D /* ProfileView.swift */,
			);
			path = Views;
			sourceTree = "<group>";
		};
		A5B4119E2257ECCC006E14F7 /* Controllers */ = {
			isa = PBXGroup;
			children = (
				A507ECDB225654EF009B94A9 /* ViewController.swift */,
				D741FCE4228224BA003BD760 /* PlayerViewController.swift */,
				1211DAC3225D26D600D40F51 /* OnBoardingViewController.swift */,
				A5B4119F2257ECDA006E14F7 /* LoginViewController.swift */,
				A5B411A12257ECEA006E14F7 /* SavedVideosViewController.swift */,
				127F85472265184B00DEC05D /* ProfileViewControlerViewController.swift */,
			);
			path = Controllers;
			sourceTree = "<group>";
		};
		A5B411A72257ED4D006E14F7 /* Models */ = {
			isa = PBXGroup;
			children = (
				1E8B8091225B9BA00071FA83 /* PerceptionImage.swift */,
				A5B411A52257ED42006E14F7 /* PerceptionVideo.swift */,
				A5B411A82257ED5B006E14F7 /* SavedVideo.swift */,
				A5B411AA2257ED67006E14F7 /* PerceptionUser.swift */,
			);
			path = Models;
			sourceTree = "<group>";
		};
		A5B411AE2257EDC0006E14F7 /* Extensions */ = {
			isa = PBXGroup;
			children = (
				A5B411C02257EFD7006E14F7 /* UIViewController Extensions */,
				A5B411BF2257EFCD006E14F7 /* Date Extensions */,
			);
			path = Extensions;
			sourceTree = "<group>";
		};
		A5B411B52257EDE9006E14F7 /* Utilities */ = {
			isa = PBXGroup;
			children = (
				A5B411B32257EDDE006E14F7 /* Constants.swift */,
				A5B411B62257EDF5006E14F7 /* ARService.swift */,
				1E8B8095225BA43D0071FA83 /* PerceptionImageCollectionKeys.swift */,
				1E8B8097225BA4500071FA83 /* PerceptionVideoCollectionKeys.swift */,
			);
			path = Utilities;
			sourceTree = "<group>";
		};
		A5B411BA2257EE0D006E14F7 /* Firebase Utilities */ = {
			isa = PBXGroup;
			children = (
				A541DC47225F97BC00E30D6E /* UserSession.swift */,
				A5B411B82257EE0A006E14F7 /* AuthService.swift */,
				A5B411BB2257EE1C006E14F7 /* DBService.swift */,
				A5B411BD2257EE24006E14F7 /* StorageService.swift */,
			);
			path = "Firebase Utilities";
			sourceTree = "<group>";
		};
		A5B411BF2257EFCD006E14F7 /* Date Extensions */ = {
			isa = PBXGroup;
			children = (
				A5B411AF2257EDCA006E14F7 /* Date+Extensions.swift */,
			);
			path = "Date Extensions";
			sourceTree = "<group>";
		};
		A5B411C02257EFD7006E14F7 /* UIViewController Extensions */ = {
			isa = PBXGroup;
			children = (
				A5565BE82281E6A0006E611C /* RotationSetup.swift */,
				A5B411AC2257EDB4006E14F7 /* UIViewController+Alerts.swift */,
			);
			path = "UIViewController Extensions";
			sourceTree = "<group>";
		};
		A5B411C32257F00E006E14F7 /* Supporting Files */ = {
			isa = PBXGroup;
			children = (
				A507ECD7225654EF009B94A9 /* AppDelegate.swift */,
				A507ECE0225654F0009B94A9 /* Assets.xcassets */,
				A507ECE2225654F0009B94A9 /* LaunchScreen.storyboard */,
			);
			path = "Supporting Files";
			sourceTree = "<group>";
		};
		D7A1C7892264E52B00E33838 /* PerceptionTests */ = {
			isa = PBXGroup;
			children = (
				D7A1C78A2264E52B00E33838 /* PerceptionTests.swift */,
				D7A1C78C2264E52B00E33838 /* Info.plist */,
			);
			path = PerceptionTests;
			sourceTree = "<group>";
		};
/* End PBXGroup section */

/* Begin PBXNativeTarget section */
		A507ECD3225654EF009B94A9 /* Perception */ = {
			isa = PBXNativeTarget;
			buildConfigurationList = A507ECE8225654F0009B94A9 /* Build configuration list for PBXNativeTarget "Perception" */;
			buildPhases = (
				9E2AAA95708D813A4E97BD78 /* [CP] Check Pods Manifest.lock */,
				A507ECD0225654EF009B94A9 /* Sources */,
				A507ECD1225654EF009B94A9 /* Frameworks */,
				A507ECD2225654EF009B94A9 /* Resources */,
				C18275975B15E56BFBA49709 /* [CP] Embed Pods Frameworks */,
				D790EEEB2277BE47007C1DDF /* ShellScript */,
			);
			buildRules = (
			);
			dependencies = (
			);
			name = Perception;
			productName = Perception;
			productReference = A507ECD4225654EF009B94A9 /* Perception.app */;
			productType = "com.apple.product-type.application";
		};
		D7A1C7872264E52B00E33838 /* PerceptionTests */ = {
			isa = PBXNativeTarget;
			buildConfigurationList = D7A1C78F2264E52B00E33838 /* Build configuration list for PBXNativeTarget "PerceptionTests" */;
			buildPhases = (
				B2021F5742751396E2EC5E56 /* [CP] Check Pods Manifest.lock */,
				D7A1C7842264E52B00E33838 /* Sources */,
				D7A1C7852264E52B00E33838 /* Frameworks */,
				D7A1C7862264E52B00E33838 /* Resources */,
				91F1F55319B3F7C59C602C8E /* [CP] Embed Pods Frameworks */,
			);
			buildRules = (
			);
			dependencies = (
				D7A1C78E2264E52B00E33838 /* PBXTargetDependency */,
			);
			name = PerceptionTests;
			productName = PerceptionTests;
			productReference = D7A1C7882264E52B00E33838 /* PerceptionTests.xctest */;
			productType = "com.apple.product-type.bundle.unit-test";
		};
/* End PBXNativeTarget section */

/* Begin PBXProject section */
		A507ECCC225654EF009B94A9 /* Project object */ = {
			isa = PBXProject;
			attributes = {
				LastSwiftUpdateCheck = 1020;
				LastUpgradeCheck = 1020;
				ORGANIZATIONNAME = JaneZhu;
				TargetAttributes = {
					A507ECD3225654EF009B94A9 = {
						CreatedOnToolsVersion = 10.2;
					};
					D7A1C7872264E52B00E33838 = {
						CreatedOnToolsVersion = 10.2;
						TestTargetID = A507ECD3225654EF009B94A9;
					};
				};
			};
			buildConfigurationList = A507ECCF225654EF009B94A9 /* Build configuration list for PBXProject "Perception" */;
			compatibilityVersion = "Xcode 9.3";
			developmentRegion = en;
			hasScannedForEncodings = 0;
			knownRegions = (
				en,
				Base,
			);
			mainGroup = A507ECCB225654EF009B94A9;
			productRefGroup = A507ECD5225654EF009B94A9 /* Products */;
			projectDirPath = "";
			projectRoot = "";
			targets = (
				A507ECD3225654EF009B94A9 /* Perception */,
				D7A1C7872264E52B00E33838 /* PerceptionTests */,
			);
		};
/* End PBXProject section */

/* Begin PBXResourcesBuildPhase section */
		A507ECD2225654EF009B94A9 /* Resources */ = {
			isa = PBXResourcesBuildPhase;
			buildActionMask = 2147483647;
			files = (
				1E3A41BB2289DD6A00FC6B85 /* pursuit.mp4 in Resources */,
				D761A9CE228C7B2C001FFC74 /* GoogleService-Info.plist in Resources */,
				A550582622943978009551DA /* coockbook.mp4 in Resources */,
				1E3A41BD2289DD6A00FC6B85 /* starwars.mp4 in Resources */,
				A507ECE4225654F0009B94A9 /* LaunchScreen.storyboard in Resources */,
				A58D1D3A22C682E00020F6B1 /* maniac.mp4 in Resources */,
				A507ECE1225654F0009B94A9 /* Assets.xcassets in Resources */,
				A55058282294399C009551DA /* mets.mp4 in Resources */,
				A507ECDF225654EF009B94A9 /* Main.storyboard in Resources */,
				A58D1D3C22C682EC0020F6B1 /* pursuitPostCard.mp4 in Resources */,
				1211DAC8225D2B6700D40F51 /* Onboarding.storyboard in Resources */,
			);
			runOnlyForDeploymentPostprocessing = 0;
		};
		D7A1C7862264E52B00E33838 /* Resources */ = {
			isa = PBXResourcesBuildPhase;
			buildActionMask = 2147483647;
			files = (
			);
			runOnlyForDeploymentPostprocessing = 0;
		};
/* End PBXResourcesBuildPhase section */

/* Begin PBXShellScriptBuildPhase section */
		91F1F55319B3F7C59C602C8E /* [CP] Embed Pods Frameworks */ = {
			isa = PBXShellScriptBuildPhase;
			buildActionMask = 2147483647;
			files = (
			);
			inputFileListPaths = (
			);
			inputPaths = (
				"${PODS_ROOT}/Target Support Files/Pods-PerceptionTests/Pods-PerceptionTests-frameworks.sh",
				"${BUILT_PRODUCTS_DIR}/BoringSSL-GRPC/openssl_grpc.framework",
				"${BUILT_PRODUCTS_DIR}/GTMSessionFetcher/GTMSessionFetcher.framework",
				"${BUILT_PRODUCTS_DIR}/GoogleUtilities/GoogleUtilities.framework",
				"${BUILT_PRODUCTS_DIR}/Kingfisher/Kingfisher.framework",
				"${BUILT_PRODUCTS_DIR}/ProgressHUD/ProgressHUD.framework",
				"${BUILT_PRODUCTS_DIR}/Protobuf/Protobuf.framework",
				"${BUILT_PRODUCTS_DIR}/Toucan/Toucan.framework",
				"${BUILT_PRODUCTS_DIR}/gRPC-C++/grpcpp.framework",
				"${BUILT_PRODUCTS_DIR}/gRPC-Core/grpc.framework",
				"${BUILT_PRODUCTS_DIR}/leveldb-library/leveldb.framework",
				"${BUILT_PRODUCTS_DIR}/nanopb/nanopb.framework",
			);
			name = "[CP] Embed Pods Frameworks";
			outputFileListPaths = (
			);
			outputPaths = (
				"${TARGET_BUILD_DIR}/${FRAMEWORKS_FOLDER_PATH}/openssl_grpc.framework",
				"${TARGET_BUILD_DIR}/${FRAMEWORKS_FOLDER_PATH}/GTMSessionFetcher.framework",
				"${TARGET_BUILD_DIR}/${FRAMEWORKS_FOLDER_PATH}/GoogleUtilities.framework",
				"${TARGET_BUILD_DIR}/${FRAMEWORKS_FOLDER_PATH}/Kingfisher.framework",
				"${TARGET_BUILD_DIR}/${FRAMEWORKS_FOLDER_PATH}/ProgressHUD.framework",
				"${TARGET_BUILD_DIR}/${FRAMEWORKS_FOLDER_PATH}/Protobuf.framework",
				"${TARGET_BUILD_DIR}/${FRAMEWORKS_FOLDER_PATH}/Toucan.framework",
				"${TARGET_BUILD_DIR}/${FRAMEWORKS_FOLDER_PATH}/grpcpp.framework",
				"${TARGET_BUILD_DIR}/${FRAMEWORKS_FOLDER_PATH}/grpc.framework",
				"${TARGET_BUILD_DIR}/${FRAMEWORKS_FOLDER_PATH}/leveldb.framework",
				"${TARGET_BUILD_DIR}/${FRAMEWORKS_FOLDER_PATH}/nanopb.framework",
			);
			runOnlyForDeploymentPostprocessing = 0;
			shellPath = /bin/sh;
			shellScript = "\"${PODS_ROOT}/Target Support Files/Pods-PerceptionTests/Pods-PerceptionTests-frameworks.sh\"\n";
			showEnvVarsInLog = 0;
		};
		9E2AAA95708D813A4E97BD78 /* [CP] Check Pods Manifest.lock */ = {
			isa = PBXShellScriptBuildPhase;
			buildActionMask = 2147483647;
			files = (
			);
			inputFileListPaths = (
			);
			inputPaths = (
				"${PODS_PODFILE_DIR_PATH}/Podfile.lock",
				"${PODS_ROOT}/Manifest.lock",
			);
			name = "[CP] Check Pods Manifest.lock";
			outputFileListPaths = (
			);
			outputPaths = (
				"$(DERIVED_FILE_DIR)/Pods-Perception-checkManifestLockResult.txt",
			);
			runOnlyForDeploymentPostprocessing = 0;
			shellPath = /bin/sh;
			shellScript = "diff \"${PODS_PODFILE_DIR_PATH}/Podfile.lock\" \"${PODS_ROOT}/Manifest.lock\" > /dev/null\nif [ $? != 0 ] ; then\n    # print error to STDERR\n    echo \"error: The sandbox is not in sync with the Podfile.lock. Run 'pod install' or update your CocoaPods installation.\" >&2\n    exit 1\nfi\n# This output is used by Xcode 'outputs' to avoid re-running this script phase.\necho \"SUCCESS\" > \"${SCRIPT_OUTPUT_FILE_0}\"\n";
			showEnvVarsInLog = 0;
		};
		B2021F5742751396E2EC5E56 /* [CP] Check Pods Manifest.lock */ = {
			isa = PBXShellScriptBuildPhase;
			buildActionMask = 2147483647;
			files = (
			);
			inputFileListPaths = (
			);
			inputPaths = (
				"${PODS_PODFILE_DIR_PATH}/Podfile.lock",
				"${PODS_ROOT}/Manifest.lock",
			);
			name = "[CP] Check Pods Manifest.lock";
			outputFileListPaths = (
			);
			outputPaths = (
				"$(DERIVED_FILE_DIR)/Pods-PerceptionTests-checkManifestLockResult.txt",
			);
			runOnlyForDeploymentPostprocessing = 0;
			shellPath = /bin/sh;
			shellScript = "diff \"${PODS_PODFILE_DIR_PATH}/Podfile.lock\" \"${PODS_ROOT}/Manifest.lock\" > /dev/null\nif [ $? != 0 ] ; then\n    # print error to STDERR\n    echo \"error: The sandbox is not in sync with the Podfile.lock. Run 'pod install' or update your CocoaPods installation.\" >&2\n    exit 1\nfi\n# This output is used by Xcode 'outputs' to avoid re-running this script phase.\necho \"SUCCESS\" > \"${SCRIPT_OUTPUT_FILE_0}\"\n";
			showEnvVarsInLog = 0;
		};
		C18275975B15E56BFBA49709 /* [CP] Embed Pods Frameworks */ = {
			isa = PBXShellScriptBuildPhase;
			buildActionMask = 2147483647;
			files = (
			);
			inputFileListPaths = (
			);
			inputPaths = (
				"${PODS_ROOT}/Target Support Files/Pods-Perception/Pods-Perception-frameworks.sh",
				"${BUILT_PRODUCTS_DIR}/BoringSSL-GRPC/openssl_grpc.framework",
				"${BUILT_PRODUCTS_DIR}/ExpandingMenu/ExpandingMenu.framework",
				"${BUILT_PRODUCTS_DIR}/GTMSessionFetcher/GTMSessionFetcher.framework",
				"${BUILT_PRODUCTS_DIR}/GoogleUtilities/GoogleUtilities.framework",
				"${BUILT_PRODUCTS_DIR}/Kingfisher/Kingfisher.framework",
				"${BUILT_PRODUCTS_DIR}/ProgressHUD/ProgressHUD.framework",
				"${BUILT_PRODUCTS_DIR}/Protobuf/Protobuf.framework",
				"${BUILT_PRODUCTS_DIR}/Toucan/Toucan.framework",
				"${BUILT_PRODUCTS_DIR}/gRPC-C++/grpcpp.framework",
				"${BUILT_PRODUCTS_DIR}/gRPC-Core/grpc.framework",
				"${BUILT_PRODUCTS_DIR}/leveldb-library/leveldb.framework",
				"${BUILT_PRODUCTS_DIR}/nanopb/nanopb.framework",
				"${BUILT_PRODUCTS_DIR}/paper-onboarding/paper_onboarding.framework",
			);
			name = "[CP] Embed Pods Frameworks";
			outputFileListPaths = (
			);
			outputPaths = (
				"${TARGET_BUILD_DIR}/${FRAMEWORKS_FOLDER_PATH}/openssl_grpc.framework",
				"${TARGET_BUILD_DIR}/${FRAMEWORKS_FOLDER_PATH}/ExpandingMenu.framework",
				"${TARGET_BUILD_DIR}/${FRAMEWORKS_FOLDER_PATH}/GTMSessionFetcher.framework",
				"${TARGET_BUILD_DIR}/${FRAMEWORKS_FOLDER_PATH}/GoogleUtilities.framework",
				"${TARGET_BUILD_DIR}/${FRAMEWORKS_FOLDER_PATH}/Kingfisher.framework",
				"${TARGET_BUILD_DIR}/${FRAMEWORKS_FOLDER_PATH}/ProgressHUD.framework",
				"${TARGET_BUILD_DIR}/${FRAMEWORKS_FOLDER_PATH}/Protobuf.framework",
				"${TARGET_BUILD_DIR}/${FRAMEWORKS_FOLDER_PATH}/Toucan.framework",
				"${TARGET_BUILD_DIR}/${FRAMEWORKS_FOLDER_PATH}/grpcpp.framework",
				"${TARGET_BUILD_DIR}/${FRAMEWORKS_FOLDER_PATH}/grpc.framework",
				"${TARGET_BUILD_DIR}/${FRAMEWORKS_FOLDER_PATH}/leveldb.framework",
				"${TARGET_BUILD_DIR}/${FRAMEWORKS_FOLDER_PATH}/nanopb.framework",
				"${TARGET_BUILD_DIR}/${FRAMEWORKS_FOLDER_PATH}/paper_onboarding.framework",
			);
			runOnlyForDeploymentPostprocessing = 0;
			shellPath = /bin/sh;
			shellScript = "\"${PODS_ROOT}/Target Support Files/Pods-Perception/Pods-Perception-frameworks.sh\"\n";
			showEnvVarsInLog = 0;
		};
		D790EEEB2277BE47007C1DDF /* ShellScript */ = {
			isa = PBXShellScriptBuildPhase;
			buildActionMask = 2147483647;
			files = (
			);
			inputFileListPaths = (
			);
			inputPaths = (
				"$(BUILT_PRODUCTS_DIR)/$(INFOPLIST_PATH)",
			);
			outputFileListPaths = (
			);
			outputPaths = (
			);
			runOnlyForDeploymentPostprocessing = 0;
			shellPath = /bin/sh;
			shellScript = "\"${PODS_ROOT}/Fabric/run\" f8005ae8e7325c1c499c40b6cc0702ecbcf3d1fa ce57ff1aa8c0f14e3314df419c3a4e4f22d2977716e44d9127f2f063efd3c191\n";
		};
/* End PBXShellScriptBuildPhase section */

/* Begin PBXSourcesBuildPhase section */
		A507ECD0225654EF009B94A9 /* Sources */ = {
			isa = PBXSourcesBuildPhase;
			buildActionMask = 2147483647;
			files = (
				A5B411AB2257ED67006E14F7 /* PerceptionUser.swift in Sources */,
				A5B411BC2257EE1C006E14F7 /* DBService.swift in Sources */,
				1E8B8098225BA4500071FA83 /* PerceptionVideoCollectionKeys.swift in Sources */,
				A541DC48225F97BC00E30D6E /* UserSession.swift in Sources */,
				A5B411B42257EDDE006E14F7 /* Constants.swift in Sources */,
				A5B411B72257EDF5006E14F7 /* ARService.swift in Sources */,
				A5B411A92257ED5B006E14F7 /* SavedVideo.swift in Sources */,
				A5B411942257EC45006E14F7 /* Main.swift in Sources */,
				1E8B809B225BD4DF0071FA83 /* PerceptionImage.swift in Sources */,
				A5B411B92257EE0A006E14F7 /* AuthService.swift in Sources */,
				A5B411A62257ED42006E14F7 /* PerceptionVideo.swift in Sources */,
				120698742283810400979CFC /* messageViews.swift in Sources */,
				127F85482265184B00DEC05D /* ProfileViewControlerViewController.swift in Sources */,
				1E8B8096225BA43D0071FA83 /* PerceptionImageCollectionKeys.swift in Sources */,
				A5B411AD2257EDB4006E14F7 /* UIViewController+Alerts.swift in Sources */,
				1211DACA225D34F200D40F51 /* OnboardingView.swift in Sources */,
				1E8B809A225BAFF00071FA83 /* VideoView.swift in Sources */,
				127F854A2265191900DEC05D /* ProfileView.swift in Sources */,
				A5B411B02257EDCA006E14F7 /* Date+Extensions.swift in Sources */,
				A5B411BE2257EE24006E14F7 /* StorageService.swift in Sources */,
				A507ECDC225654EF009B94A9 /* ViewController.swift in Sources */,
				A5B411A22257ECEA006E14F7 /* SavedVideosViewController.swift in Sources */,
				A5B20AE6228DCCE3002BB8C4 /* EmptyStateView.swift in Sources */,
				1211DAC4225D26D600D40F51 /* OnBoardingViewController.swift in Sources */,
				A5B411A02257ECDA006E14F7 /* LoginViewController.swift in Sources */,
				A5565BE92281E6A1006E611C /* RotationSetup.swift in Sources */,
				A5B411992257EC85006E14F7 /* SavedVideos.swift in Sources */,
				A5B411972257EC7E006E14F7 /* LoginView.swift in Sources */,
				1E8B8094225BA4220071FA83 /* FavoriteCollectionCell.swift in Sources */,
				A507ECD8225654EF009B94A9 /* AppDelegate.swift in Sources */,
				D741FCE5228224BA003BD760 /* PlayerViewController.swift in Sources */,
			);
			runOnlyForDeploymentPostprocessing = 0;
		};
		D7A1C7842264E52B00E33838 /* Sources */ = {
			isa = PBXSourcesBuildPhase;
			buildActionMask = 2147483647;
			files = (
				D7A1C78B2264E52B00E33838 /* PerceptionTests.swift in Sources */,
			);
			runOnlyForDeploymentPostprocessing = 0;
		};
/* End PBXSourcesBuildPhase section */

/* Begin PBXTargetDependency section */
		D7A1C78E2264E52B00E33838 /* PBXTargetDependency */ = {
			isa = PBXTargetDependency;
			target = A507ECD3225654EF009B94A9 /* Perception */;
			targetProxy = D7A1C78D2264E52B00E33838 /* PBXContainerItemProxy */;
		};
/* End PBXTargetDependency section */

/* Begin PBXVariantGroup section */
		A507ECDD225654EF009B94A9 /* Main.storyboard */ = {
			isa = PBXVariantGroup;
			children = (
				A507ECDE225654EF009B94A9 /* Base */,
			);
			name = Main.storyboard;
			sourceTree = "<group>";
		};
		A507ECE2225654F0009B94A9 /* LaunchScreen.storyboard */ = {
			isa = PBXVariantGroup;
			children = (
				A507ECE3225654F0009B94A9 /* Base */,
			);
			name = LaunchScreen.storyboard;
			sourceTree = "<group>";
		};
/* End PBXVariantGroup section */

/* Begin XCBuildConfiguration section */
		A507ECE6225654F0009B94A9 /* Debug */ = {
			isa = XCBuildConfiguration;
			buildSettings = {
				ALWAYS_SEARCH_USER_PATHS = NO;
				CLANG_ANALYZER_NONNULL = YES;
				CLANG_ANALYZER_NUMBER_OBJECT_CONVERSION = YES_AGGRESSIVE;
				CLANG_CXX_LANGUAGE_STANDARD = "gnu++14";
				CLANG_CXX_LIBRARY = "libc++";
				CLANG_ENABLE_MODULES = YES;
				CLANG_ENABLE_OBJC_ARC = YES;
				CLANG_ENABLE_OBJC_WEAK = YES;
				CLANG_WARN_BLOCK_CAPTURE_AUTORELEASING = YES;
				CLANG_WARN_BOOL_CONVERSION = YES;
				CLANG_WARN_COMMA = YES;
				CLANG_WARN_CONSTANT_CONVERSION = YES;
				CLANG_WARN_DEPRECATED_OBJC_IMPLEMENTATIONS = YES;
				CLANG_WARN_DIRECT_OBJC_ISA_USAGE = YES_ERROR;
				CLANG_WARN_DOCUMENTATION_COMMENTS = YES;
				CLANG_WARN_EMPTY_BODY = YES;
				CLANG_WARN_ENUM_CONVERSION = YES;
				CLANG_WARN_INFINITE_RECURSION = YES;
				CLANG_WARN_INT_CONVERSION = YES;
				CLANG_WARN_NON_LITERAL_NULL_CONVERSION = YES;
				CLANG_WARN_OBJC_IMPLICIT_RETAIN_SELF = YES;
				CLANG_WARN_OBJC_LITERAL_CONVERSION = YES;
				CLANG_WARN_OBJC_ROOT_CLASS = YES_ERROR;
				CLANG_WARN_RANGE_LOOP_ANALYSIS = YES;
				CLANG_WARN_STRICT_PROTOTYPES = YES;
				CLANG_WARN_SUSPICIOUS_MOVE = YES;
				CLANG_WARN_UNGUARDED_AVAILABILITY = YES_AGGRESSIVE;
				CLANG_WARN_UNREACHABLE_CODE = YES;
				CLANG_WARN__DUPLICATE_METHOD_MATCH = YES;
				CODE_SIGN_IDENTITY = "iPhone Developer";
				COPY_PHASE_STRIP = NO;
				DEBUG_INFORMATION_FORMAT = dwarf;
				ENABLE_STRICT_OBJC_MSGSEND = YES;
				ENABLE_TESTABILITY = YES;
				GCC_C_LANGUAGE_STANDARD = gnu11;
				GCC_DYNAMIC_NO_PIC = NO;
				GCC_NO_COMMON_BLOCKS = YES;
				GCC_OPTIMIZATION_LEVEL = 0;
				GCC_PREPROCESSOR_DEFINITIONS = (
					"DEBUG=1",
					"$(inherited)",
				);
				GCC_WARN_64_TO_32_BIT_CONVERSION = YES;
				GCC_WARN_ABOUT_RETURN_TYPE = YES_ERROR;
				GCC_WARN_UNDECLARED_SELECTOR = YES;
				GCC_WARN_UNINITIALIZED_AUTOS = YES_AGGRESSIVE;
				GCC_WARN_UNUSED_FUNCTION = YES;
				GCC_WARN_UNUSED_VARIABLE = YES;
				IPHONEOS_DEPLOYMENT_TARGET = 12.2;
				MTL_ENABLE_DEBUG_INFO = INCLUDE_SOURCE;
				MTL_FAST_MATH = YES;
				ONLY_ACTIVE_ARCH = YES;
				SDKROOT = iphoneos;
				SWIFT_ACTIVE_COMPILATION_CONDITIONS = DEBUG;
				SWIFT_OPTIMIZATION_LEVEL = "-Onone";
			};
			name = Debug;
		};
		A507ECE7225654F0009B94A9 /* Release */ = {
			isa = XCBuildConfiguration;
			buildSettings = {
				ALWAYS_SEARCH_USER_PATHS = NO;
				CLANG_ANALYZER_NONNULL = YES;
				CLANG_ANALYZER_NUMBER_OBJECT_CONVERSION = YES_AGGRESSIVE;
				CLANG_CXX_LANGUAGE_STANDARD = "gnu++14";
				CLANG_CXX_LIBRARY = "libc++";
				CLANG_ENABLE_MODULES = YES;
				CLANG_ENABLE_OBJC_ARC = YES;
				CLANG_ENABLE_OBJC_WEAK = YES;
				CLANG_WARN_BLOCK_CAPTURE_AUTORELEASING = YES;
				CLANG_WARN_BOOL_CONVERSION = YES;
				CLANG_WARN_COMMA = YES;
				CLANG_WARN_CONSTANT_CONVERSION = YES;
				CLANG_WARN_DEPRECATED_OBJC_IMPLEMENTATIONS = YES;
				CLANG_WARN_DIRECT_OBJC_ISA_USAGE = YES_ERROR;
				CLANG_WARN_DOCUMENTATION_COMMENTS = YES;
				CLANG_WARN_EMPTY_BODY = YES;
				CLANG_WARN_ENUM_CONVERSION = YES;
				CLANG_WARN_INFINITE_RECURSION = YES;
				CLANG_WARN_INT_CONVERSION = YES;
				CLANG_WARN_NON_LITERAL_NULL_CONVERSION = YES;
				CLANG_WARN_OBJC_IMPLICIT_RETAIN_SELF = YES;
				CLANG_WARN_OBJC_LITERAL_CONVERSION = YES;
				CLANG_WARN_OBJC_ROOT_CLASS = YES_ERROR;
				CLANG_WARN_RANGE_LOOP_ANALYSIS = YES;
				CLANG_WARN_STRICT_PROTOTYPES = YES;
				CLANG_WARN_SUSPICIOUS_MOVE = YES;
				CLANG_WARN_UNGUARDED_AVAILABILITY = YES_AGGRESSIVE;
				CLANG_WARN_UNREACHABLE_CODE = YES;
				CLANG_WARN__DUPLICATE_METHOD_MATCH = YES;
				CODE_SIGN_IDENTITY = "iPhone Developer";
				COPY_PHASE_STRIP = NO;
				DEBUG_INFORMATION_FORMAT = "dwarf-with-dsym";
				ENABLE_NS_ASSERTIONS = NO;
				ENABLE_STRICT_OBJC_MSGSEND = YES;
				GCC_C_LANGUAGE_STANDARD = gnu11;
				GCC_NO_COMMON_BLOCKS = YES;
				GCC_WARN_64_TO_32_BIT_CONVERSION = YES;
				GCC_WARN_ABOUT_RETURN_TYPE = YES_ERROR;
				GCC_WARN_UNDECLARED_SELECTOR = YES;
				GCC_WARN_UNINITIALIZED_AUTOS = YES_AGGRESSIVE;
				GCC_WARN_UNUSED_FUNCTION = YES;
				GCC_WARN_UNUSED_VARIABLE = YES;
				IPHONEOS_DEPLOYMENT_TARGET = 12.2;
				MTL_ENABLE_DEBUG_INFO = NO;
				MTL_FAST_MATH = YES;
				SDKROOT = iphoneos;
				SWIFT_COMPILATION_MODE = wholemodule;
				SWIFT_OPTIMIZATION_LEVEL = "-O";
				VALIDATE_PRODUCT = YES;
			};
			name = Release;
		};
		A507ECE9225654F0009B94A9 /* Debug */ = {
			isa = XCBuildConfiguration;
			baseConfigurationReference = 5932023AF64C1AD383C416D1 /* Pods-Perception.debug.xcconfig */;
			buildSettings = {
				ASSETCATALOG_COMPILER_APPICON_NAME = AppIcon;
				CODE_SIGN_IDENTITY = "iPhone Developer";
				CODE_SIGN_STYLE = Automatic;
				DEVELOPMENT_TEAM = 26RHXP32FH;
				INFOPLIST_FILE = Perception/Info.plist;
				LD_RUNPATH_SEARCH_PATHS = (
					"$(inherited)",
					"@executable_path/Frameworks",
				);
				PRODUCT_BUNDLE_IDENTIFIER = org.pursuit.perception.app;
				PRODUCT_NAME = "$(TARGET_NAME)";
				PROVISIONING_PROFILE_SPECIFIER = "";
				SWIFT_VERSION = 4.2;
				TARGETED_DEVICE_FAMILY = 1;
			};
			name = Debug;
		};
		A507ECEA225654F0009B94A9 /* Release */ = {
			isa = XCBuildConfiguration;
			baseConfigurationReference = 1891DC6C4FC82E0C83564F8B /* Pods-Perception.release.xcconfig */;
			buildSettings = {
				ASSETCATALOG_COMPILER_APPICON_NAME = AppIcon;
				CODE_SIGN_IDENTITY = "iPhone Developer";
				CODE_SIGN_STYLE = Automatic;
				DEVELOPMENT_TEAM = 26RHXP32FH;
				INFOPLIST_FILE = Perception/Info.plist;
				LD_RUNPATH_SEARCH_PATHS = (
					"$(inherited)",
					"@executable_path/Frameworks",
				);
				PRODUCT_BUNDLE_IDENTIFIER = org.pursuit.perception.app;
				PRODUCT_NAME = "$(TARGET_NAME)";
				PROVISIONING_PROFILE_SPECIFIER = "";
				SWIFT_VERSION = 4.2;
				TARGETED_DEVICE_FAMILY = 1;
			};
			name = Release;
		};
		D7A1C7902264E52B00E33838 /* Debug */ = {
			isa = XCBuildConfiguration;
			baseConfigurationReference = 72061BAFBA39F37C10299E49 /* Pods-PerceptionTests.debug.xcconfig */;
			buildSettings = {
				BUNDLE_LOADER = "$(TEST_HOST)";
				CODE_SIGN_STYLE = Automatic;
				DEVELOPMENT_TEAM = 26RHXP32FH;
				INFOPLIST_FILE = PerceptionTests/Info.plist;
				LD_RUNPATH_SEARCH_PATHS = (
					"$(inherited)",
					"@executable_path/Frameworks",
					"@loader_path/Frameworks",
				);
				PRODUCT_BUNDLE_IDENTIFIER = com.superapiguy.PerceptionTests;
				PRODUCT_NAME = "$(TARGET_NAME)";
				SWIFT_VERSION = 5.0;
				TARGETED_DEVICE_FAMILY = "1,2";
				TEST_HOST = "$(BUILT_PRODUCTS_DIR)/Perception.app/Perception";
			};
			name = Debug;
		};
		D7A1C7912264E52B00E33838 /* Release */ = {
			isa = XCBuildConfiguration;
			baseConfigurationReference = AA8F0510D8441719D04C2315 /* Pods-PerceptionTests.release.xcconfig */;
			buildSettings = {
				BUNDLE_LOADER = "$(TEST_HOST)";
				CODE_SIGN_STYLE = Automatic;
				DEVELOPMENT_TEAM = 26RHXP32FH;
				INFOPLIST_FILE = PerceptionTests/Info.plist;
				LD_RUNPATH_SEARCH_PATHS = (
					"$(inherited)",
					"@executable_path/Frameworks",
					"@loader_path/Frameworks",
				);
				PRODUCT_BUNDLE_IDENTIFIER = com.superapiguy.PerceptionTests;
				PRODUCT_NAME = "$(TARGET_NAME)";
				SWIFT_VERSION = 5.0;
				TARGETED_DEVICE_FAMILY = "1,2";
				TEST_HOST = "$(BUILT_PRODUCTS_DIR)/Perception.app/Perception";
			};
			name = Release;
		};
/* End XCBuildConfiguration section */

/* Begin XCConfigurationList section */
		A507ECCF225654EF009B94A9 /* Build configuration list for PBXProject "Perception" */ = {
			isa = XCConfigurationList;
			buildConfigurations = (
				A507ECE6225654F0009B94A9 /* Debug */,
				A507ECE7225654F0009B94A9 /* Release */,
			);
			defaultConfigurationIsVisible = 0;
			defaultConfigurationName = Release;
		};
		A507ECE8225654F0009B94A9 /* Build configuration list for PBXNativeTarget "Perception" */ = {
			isa = XCConfigurationList;
			buildConfigurations = (
				A507ECE9225654F0009B94A9 /* Debug */,
				A507ECEA225654F0009B94A9 /* Release */,
			);
			defaultConfigurationIsVisible = 0;
			defaultConfigurationName = Release;
		};
		D7A1C78F2264E52B00E33838 /* Build configuration list for PBXNativeTarget "PerceptionTests" */ = {
			isa = XCConfigurationList;
			buildConfigurations = (
				D7A1C7902264E52B00E33838 /* Debug */,
				D7A1C7912264E52B00E33838 /* Release */,
			);
			defaultConfigurationIsVisible = 0;
			defaultConfigurationName = Release;
		};
/* End XCConfigurationList section */
	};
	rootObject = A507ECCC225654EF009B94A9 /* Project object */;
}
